
Microsoft Visual Studio Solution File, Format Version 12.00
# Visual Studio Version 16
VisualStudioVersion = 16.0.810.21
MinimumVisualStudioVersion = 10.0.40219.1
Project("{FAE04EC0-301F-11D3-BF4B-00C04F79EFBC}") = "MySQLFun", "MySQLFun\MySQLFun.csproj", "{6A055D41-A770-4387-95AA-8538B6ACEE5F}"
EndProject
Global
	GlobalSection(SolutionConfigurationPlatforms) = preSolution
		Debug|Any CPU = Debug|Any CPU
		Release|Any CPU = Release|Any CPU
	EndGlobalSection
	GlobalSection(ProjectConfigurationPlatforms) = postSolution
		{6A055D41-A770-4387-95AA-8538B6ACEE5F}.Debug|Any CPU.ActiveCfg = Debug|Any CPU
		{6A055D41-A770-4387-95AA-8538B6ACEE5F}.Debug|Any CPU.Build.0 = Debug|Any CPU
		{6A055D41-A770-4387-95AA-8538B6ACEE5F}.Release|Any CPU.ActiveCfg = Release|Any CPU
		{6A055D41-A770-4387-95AA-8538B6ACEE5F}.Release|Any CPU.Build.0 = Release|Any CPU
	EndGlobalSection
	GlobalSection(SolutionProperties) = preSolution
		HideSolutionNode = FALSE
	EndGlobalSection
	GlobalSection(ExtensibilityGlobals) = postSolution
		SolutionGuid = {C2B47F8A-FF15-464A-9CE6-B5B08150A242}
	EndGlobalSection
EndGlobal
